
Microsoft Visual Studio Solution File, Format Version 12.00
# Visual Studio 15
VisualStudioVersion = 15.0.27703.2035
MinimumVisualStudioVersion = 10.0.40219.1
Project("{2150E333-8FDC-42A3-9474-1A3956D46DE8}") = "Core", "Core", "{A78E52D1-439E-4FAD-863B-891ABE5D44FC}"
EndProject
Project("{FAE04EC0-301F-11D3-BF4B-00C04F79EFBC}") = "XFramework", "XFramework\XFramework.csproj", "{71027227-698E-47FF-9EC6-56F419AECC2F}"
EndProject
Global
	GlobalSection(SolutionConfigurationPlatforms) = preSolution
		Debug|Any CPU = Debug|Any CPU
		Release|Any CPU = Release|Any CPU
	EndGlobalSection
	GlobalSection(ProjectConfigurationPlatforms) = postSolution
		{71027227-698E-47FF-9EC6-56F419AECC2F}.Debug|Any CPU.ActiveCfg = Debug|Any CPU
		{71027227-698E-47FF-9EC6-56F419AECC2F}.Debug|Any CPU.Build.0 = Debug|Any CPU
		{71027227-698E-47FF-9EC6-56F419AECC2F}.Release|Any CPU.ActiveCfg = Release|Any CPU
		{71027227-698E-47FF-9EC6-56F419AECC2F}.Release|Any CPU.Build.0 = Release|Any CPU
	EndGlobalSection
	GlobalSection(SolutionProperties) = preSolution
		HideSolutionNode = FALSE
	EndGlobalSection
	GlobalSection(NestedProjects) = preSolution
		{71027227-698E-47FF-9EC6-56F419AECC2F} = {A78E52D1-439E-4FAD-863B-891ABE5D44FC}
	EndGlobalSection
	GlobalSection(ExtensibilityGlobals) = postSolution
		SolutionGuid = {25D7EDF0-2E59-484B-991B-16CE540024AC}
	EndGlobalSection
EndGlobal
